
Microsoft Visual Studio Solution File, Format Version 12.00
# Visual Studio Version 17
VisualStudioVersion = 17.14.36511.14
MinimumVisualStudioVersion = 10.0.40219.1
Project("{FAE04EC0-301F-11D3-BF4B-00C04F79EFBC}") = "LinqUI.WPF", "src\LinqUI.WPF\LinqUI.WPF.csproj", "{22DADA94-2565-4749-9DD4-3190827D2FCE}"
EndProject
Project("{FAE04EC0-301F-11D3-BF4B-00C04F79EFBC}") = "LinqUI.WinUI3", "src\LinqUI.WinUI3\LinqUI.WinUI3.csproj", "{31EA409B-06B4-4160-8D1C-BCA3EF54B22D}"
EndProject
Project("{FAE04EC0-301F-11D3-BF4B-00C04F79EFBC}") = "LinqUI.WPF.HotReload", "src\LinqUI.WPF.HotReload\LinqUI.WPF.HotReload.csproj", "{83D9055F-9910-4F1A-89A3-650926E9C9DE}"
EndProject
Project("{FAE04EC0-301F-11D3-BF4B-00C04F79EFBC}") = "Test", "samples\WPF\Test\Test.csproj", "{C05B338E-7A64-44A9-8357-4AA0104A807A}"
EndProject
Project("{2150E333-8FDC-42A3-9474-1A3956D46DE8}") = "Sample", "Sample", "{C8D5274F-AC00-46C7-1F8D-E88E81087A52}"
EndProject
Project("{2150E333-8FDC-42A3-9474-1A3956D46DE8}") = "WPF", "WPF", "{699D2488-1C9D-4FCF-92FB-07F2C6743A73}"
EndProject
Project("{FAE04EC0-301F-11D3-BF4B-00C04F79EFBC}") = "LinqUIHotReloadTest", "samples\WPF\LinqUIHotReloadTest\LinqUIHotReloadTest.csproj", "{D8B4A287-C12D-4763-9474-74A6742C1F10}"
EndProject
Project("{FAE04EC0-301F-11D3-BF4B-00C04F79EFBC}") = "LazyVoomTemplate", "samples\WPF\LazyVoomTemplate\LazyVoomTemplate.csproj", "{44352FC3-5AF4-4444-A673-5C794F137B12}"
EndProject
Global
	GlobalSection(SolutionConfigurationPlatforms) = preSolution
		Debug|Any CPU = Debug|Any CPU
		Release|Any CPU = Release|Any CPU
	EndGlobalSection
	GlobalSection(ProjectConfigurationPlatforms) = postSolution
		{22DADA94-2565-4749-9DD4-3190827D2FCE}.Debug|Any CPU.ActiveCfg = Debug|Any CPU
		{22DADA94-2565-4749-9DD4-3190827D2FCE}.Debug|Any CPU.Build.0 = Debug|Any CPU
		{22DADA94-2565-4749-9DD4-3190827D2FCE}.Release|Any CPU.ActiveCfg = Release|Any CPU
		{22DADA94-2565-4749-9DD4-3190827D2FCE}.Release|Any CPU.Build.0 = Release|Any CPU
		{31EA409B-06B4-4160-8D1C-BCA3EF54B22D}.Debug|Any CPU.ActiveCfg = Debug|Any CPU
		{31EA409B-06B4-4160-8D1C-BCA3EF54B22D}.Debug|Any CPU.Build.0 = Debug|Any CPU
		{31EA409B-06B4-4160-8D1C-BCA3EF54B22D}.Release|Any CPU.ActiveCfg = Release|Any CPU
		{31EA409B-06B4-4160-8D1C-BCA3EF54B22D}.Release|Any CPU.Build.0 = Release|Any CPU
		{83D9055F-9910-4F1A-89A3-650926E9C9DE}.Debug|Any CPU.ActiveCfg = Debug|Any CPU
		{83D9055F-9910-4F1A-89A3-650926E9C9DE}.Debug|Any CPU.Build.0 = Debug|Any CPU
		{83D9055F-9910-4F1A-89A3-650926E9C9DE}.Release|Any CPU.ActiveCfg = Release|Any CPU
		{83D9055F-9910-4F1A-89A3-650926E9C9DE}.Release|Any CPU.Build.0 = Release|Any CPU
		{C05B338E-7A64-44A9-8357-4AA0104A807A}.Debug|Any CPU.ActiveCfg = Debug|Any CPU
		{C05B338E-7A64-44A9-8357-4AA0104A807A}.Debug|Any CPU.Build.0 = Debug|Any CPU
		{C05B338E-7A64-44A9-8357-4AA0104A807A}.Release|Any CPU.ActiveCfg = Release|Any CPU
		{C05B338E-7A64-44A9-8357-4AA0104A807A}.Release|Any CPU.Build.0 = Release|Any CPU
		{D8B4A287-C12D-4763-9474-74A6742C1F10}.Debug|Any CPU.ActiveCfg = Debug|Any CPU
		{D8B4A287-C12D-4763-9474-74A6742C1F10}.Debug|Any CPU.Build.0 = Debug|Any CPU
		{D8B4A287-C12D-4763-9474-74A6742C1F10}.Release|Any CPU.ActiveCfg = Release|Any CPU
		{D8B4A287-C12D-4763-9474-74A6742C1F10}.Release|Any CPU.Build.0 = Release|Any CPU
		{44352FC3-5AF4-4444-A673-5C794F137B12}.Debug|Any CPU.ActiveCfg = Debug|Any CPU
		{44352FC3-5AF4-4444-A673-5C794F137B12}.Debug|Any CPU.Build.0 = Debug|Any CPU
		{44352FC3-5AF4-4444-A673-5C794F137B12}.Release|Any CPU.ActiveCfg = Release|Any CPU
		{44352FC3-5AF4-4444-A673-5C794F137B12}.Release|Any CPU.Build.0 = Release|Any CPU
	EndGlobalSection
	GlobalSection(SolutionProperties) = preSolution
		HideSolutionNode = FALSE
	EndGlobalSection
	GlobalSection(NestedProjects) = preSolution
		{C05B338E-7A64-44A9-8357-4AA0104A807A} = {699D2488-1C9D-4FCF-92FB-07F2C6743A73}
		{699D2488-1C9D-4FCF-92FB-07F2C6743A73} = {C8D5274F-AC00-46C7-1F8D-E88E81087A52}
		{D8B4A287-C12D-4763-9474-74A6742C1F10} = {699D2488-1C9D-4FCF-92FB-07F2C6743A73}
		{44352FC3-5AF4-4444-A673-5C794F137B12} = {699D2488-1C9D-4FCF-92FB-07F2C6743A73}
	EndGlobalSection
	GlobalSection(ExtensibilityGlobals) = postSolution
		SolutionGuid = {379EED02-D106-4FD5-AB49-21FFF9C839BE}
	EndGlobalSection
EndGlobal
